
Microsoft Visual Studio Solution File, Format Version 12.00
# Visual Studio Version 17
VisualStudioVersion = 17.7.34024.191
MinimumVisualStudioVersion = 10.0.40219.1
Project("{FAE04EC0-301F-11D3-BF4B-00C04F79EFBC}") = "DungeonMaster", "DungeonMaster\DungeonMaster.csproj", "{3C34C4A2-75BC-441F-B84E-6A4CDE25661E}"
EndProject
Global
	GlobalSection(SolutionConfigurationPlatforms) = preSolution
		Debug|Any CPU = Debug|Any CPU
		Release|Any CPU = Release|Any CPU
	EndGlobalSection
	GlobalSection(ProjectConfigurationPlatforms) = postSolution
		{3C34C4A2-75BC-441F-B84E-6A4CDE25661E}.Debug|Any CPU.ActiveCfg = Debug|Any CPU
		{3C34C4A2-75BC-441F-B84E-6A4CDE25661E}.Debug|Any CPU.Build.0 = Debug|Any CPU
		{3C34C4A2-75BC-441F-B84E-6A4CDE25661E}.Release|Any CPU.ActiveCfg = Release|Any CPU
		{3C34C4A2-75BC-441F-B84E-6A4CDE25661E}.Release|Any CPU.Build.0 = Release|Any CPU
	EndGlobalSection
	GlobalSection(SolutionProperties) = preSolution
		HideSolutionNode = FALSE
	EndGlobalSection
	GlobalSection(ExtensibilityGlobals) = postSolution
		SolutionGuid = {6B16842A-292A-4E07-A86E-E5B71301A881}
	EndGlobalSection
EndGlobal
